
Microsoft Visual Studio Solution File, Format Version 12.00
# Visual Studio 14
VisualStudioVersion = 14.0.25123.0
MinimumVisualStudioVersion = 10.0.40219.1
Project("{FAE04EC0-301F-11D3-BF4B-00C04F79EFBC}") = "HackerSpray.Module", "HackerSpray.Module\HackerSpray.Module.csproj", "{1E92FA1F-DFD0-4D5E-B5D6-AD6ACD5867B2}"
EndProject
Project("{FAE04EC0-301F-11D3-BF4B-00C04F79EFBC}") = "HackerSpray.UnitTests", "HackerSpray.UnitTests\HackerSpray.UnitTests.csproj", "{8D6406C7-F4A5-4321-9D5F-793B8CF181B8}"
EndProject
Project("{FAE04EC0-301F-11D3-BF4B-00C04F79EFBC}") = "HackerSpray.SampleWebSite", "HackerSpray.SampleWebSite\HackerSpray.SampleWebSite.csproj", "{028608B7-D771-4EBF-B0E3-686F813F227B}"
EndProject
Project("{FAE04EC0-301F-11D3-BF4B-00C04F79EFBC}") = "HackerSpray.WebTest", "HackerSpray.WebTest\HackerSpray.WebTest.csproj", "{E02CD3BC-9790-4E8A-9613-94F1B4FC2698}"
EndProject
Project("{2150E333-8FDC-42A3-9474-1A3956D46DE8}") = "Solution Items", "Solution Items", "{E429431D-E863-4579-B7C1-4D4A60CAD65C}"
	ProjectSection(SolutionItems) = preProject
		Readme.md = Readme.md
	EndProjectSection
EndProject
Project("{FAE04EC0-301F-11D3-BF4B-00C04F79EFBC}") = "HackerSpray.WebModule", "HackerSpray.WebModule\HackerSpray.WebModule.csproj", "{AF6A9824-6BA2-46E9-B451-A1076501BF54}"
EndProject
Project("{2150E333-8FDC-42A3-9474-1A3956D46DE8}") = "DotNetCore", "DotNetCore", "{4AA0BCAB-2822-4BD9-8457-041415DDF412}"
EndProject
Project("{2150E333-8FDC-42A3-9474-1A3956D46DE8}") = ".NET-4.5.2", ".NET-4.5.2", "{20988AEA-78ED-467A-92A1-F85B134E44AD}"
EndProject
Project("{8BB2217D-0F2D-49D1-97BC-3654ED321F3B}") = "SampleASPNETCoreWebApp", "DotNetCore\SampleASPNETCoreWebApp\SampleASPNETCoreWebApp.xproj", "{E9BB2104-A843-4341-A06D-D499A965D7A1}"
EndProject
Project("{8BB2217D-0F2D-49D1-97BC-3654ED321F3B}") = "HackerSpray.Module", "DotNetCore\HackerSpray.Module\HackerSpray.Module.xproj", "{C8855B09-49D5-4BA4-ADA2-B501170BA978}"
EndProject
Project("{8BB2217D-0F2D-49D1-97BC-3654ED321F3B}") = "HackerSpray.Middleware", "DotNetCore\HackerSpray.Middleware\HackerSpray.Middleware.xproj", "{E0264334-23C4-4C41-ABFD-ED6C7723A815}"
EndProject
Project("{8BB2217D-0F2D-49D1-97BC-3654ED321F3B}") = "HackerSpray.Middleware.Test", "DotNetCore\HackerSpray.Middleware.Test\HackerSpray.Middleware.Test.xproj", "{15B8DA76-A6A0-4A49-9E83-E85392E1F77F}"
EndProject
Project("{FAE04EC0-301F-11D3-BF4B-00C04F79EFBC}") = "HackerSpray.Logger", "HackerSpray.Logger\HackerSpray.Logger.csproj", "{7B9B6468-2808-4CF0-9F98-758C1171E0E7}"
EndProject
Global
	GlobalSection(SolutionConfigurationPlatforms) = preSolution
		Debug|Any CPU = Debug|Any CPU
		Release|Any CPU = Release|Any CPU
	EndGlobalSection
	GlobalSection(ProjectConfigurationPlatforms) = postSolution
		{1E92FA1F-DFD0-4D5E-B5D6-AD6ACD5867B2}.Debug|Any CPU.ActiveCfg = Debug|Any CPU
		{1E92FA1F-DFD0-4D5E-B5D6-AD6ACD5867B2}.Debug|Any CPU.Build.0 = Debug|Any CPU
		{1E92FA1F-DFD0-4D5E-B5D6-AD6ACD5867B2}.Release|Any CPU.ActiveCfg = Release|Any CPU
		{1E92FA1F-DFD0-4D5E-B5D6-AD6ACD5867B2}.Release|Any CPU.Build.0 = Release|Any CPU
		{8D6406C7-F4A5-4321-9D5F-793B8CF181B8}.Debug|Any CPU.ActiveCfg = Debug|Any CPU
		{8D6406C7-F4A5-4321-9D5F-793B8CF181B8}.Debug|Any CPU.Build.0 = Debug|Any CPU
		{8D6406C7-F4A5-4321-9D5F-793B8CF181B8}.Release|Any CPU.ActiveCfg = Release|Any CPU
		{8D6406C7-F4A5-4321-9D5F-793B8CF181B8}.Release|Any CPU.Build.0 = Release|Any CPU
		{028608B7-D771-4EBF-B0E3-686F813F227B}.Debug|Any CPU.ActiveCfg = Debug|Any CPU
		{028608B7-D771-4EBF-B0E3-686F813F227B}.Debug|Any CPU.Build.0 = Debug|Any CPU
		{028608B7-D771-4EBF-B0E3-686F813F227B}.Release|Any CPU.ActiveCfg = Release|Any CPU
		{028608B7-D771-4EBF-B0E3-686F813F227B}.Release|Any CPU.Build.0 = Release|Any CPU
		{E02CD3BC-9790-4E8A-9613-94F1B4FC2698}.Debug|Any CPU.ActiveCfg = Debug|Any CPU
		{E02CD3BC-9790-4E8A-9613-94F1B4FC2698}.Debug|Any CPU.Build.0 = Debug|Any CPU
		{E02CD3BC-9790-4E8A-9613-94F1B4FC2698}.Release|Any CPU.ActiveCfg = Release|Any CPU
		{E02CD3BC-9790-4E8A-9613-94F1B4FC2698}.Release|Any CPU.Build.0 = Release|Any CPU
		{AF6A9824-6BA2-46E9-B451-A1076501BF54}.Debug|Any CPU.ActiveCfg = Debug|Any CPU
		{AF6A9824-6BA2-46E9-B451-A1076501BF54}.Debug|Any CPU.Build.0 = Debug|Any CPU
		{AF6A9824-6BA2-46E9-B451-A1076501BF54}.Release|Any CPU.ActiveCfg = Release|Any CPU
		{AF6A9824-6BA2-46E9-B451-A1076501BF54}.Release|Any CPU.Build.0 = Release|Any CPU
		{E9BB2104-A843-4341-A06D-D499A965D7A1}.Debug|Any CPU.ActiveCfg = Debug|Any CPU
		{E9BB2104-A843-4341-A06D-D499A965D7A1}.Debug|Any CPU.Build.0 = Debug|Any CPU
		{E9BB2104-A843-4341-A06D-D499A965D7A1}.Release|Any CPU.ActiveCfg = Release|Any CPU
		{E9BB2104-A843-4341-A06D-D499A965D7A1}.Release|Any CPU.Build.0 = Release|Any CPU
		{C8855B09-49D5-4BA4-ADA2-B501170BA978}.Debug|Any CPU.ActiveCfg = Debug|Any CPU
		{C8855B09-49D5-4BA4-ADA2-B501170BA978}.Debug|Any CPU.Build.0 = Debug|Any CPU
		{C8855B09-49D5-4BA4-ADA2-B501170BA978}.Release|Any CPU.ActiveCfg = Release|Any CPU
		{C8855B09-49D5-4BA4-ADA2-B501170BA978}.Release|Any CPU.Build.0 = Release|Any CPU
		{E0264334-23C4-4C41-ABFD-ED6C7723A815}.Debug|Any CPU.ActiveCfg = Debug|Any CPU
		{E0264334-23C4-4C41-ABFD-ED6C7723A815}.Debug|Any CPU.Build.0 = Debug|Any CPU
		{E0264334-23C4-4C41-ABFD-ED6C7723A815}.Release|Any CPU.ActiveCfg = Release|Any CPU
		{E0264334-23C4-4C41-ABFD-ED6C7723A815}.Release|Any CPU.Build.0 = Release|Any CPU
		{15B8DA76-A6A0-4A49-9E83-E85392E1F77F}.Debug|Any CPU.ActiveCfg = Debug|Any CPU
		{15B8DA76-A6A0-4A49-9E83-E85392E1F77F}.Debug|Any CPU.Build.0 = Debug|Any CPU
		{15B8DA76-A6A0-4A49-9E83-E85392E1F77F}.Release|Any CPU.ActiveCfg = Release|Any CPU
		{15B8DA76-A6A0-4A49-9E83-E85392E1F77F}.Release|Any CPU.Build.0 = Release|Any CPU
		{7B9B6468-2808-4CF0-9F98-758C1171E0E7}.Debug|Any CPU.ActiveCfg = Debug|Any CPU
		{7B9B6468-2808-4CF0-9F98-758C1171E0E7}.Debug|Any CPU.Build.0 = Debug|Any CPU
		{7B9B6468-2808-4CF0-9F98-758C1171E0E7}.Release|Any CPU.ActiveCfg = Release|Any CPU
		{7B9B6468-2808-4CF0-9F98-758C1171E0E7}.Release|Any CPU.Build.0 = Release|Any CPU
	EndGlobalSection
	GlobalSection(SolutionProperties) = preSolution
		HideSolutionNode = FALSE
	EndGlobalSection
	GlobalSection(NestedProjects) = preSolution
		{1E92FA1F-DFD0-4D5E-B5D6-AD6ACD5867B2} = {20988AEA-78ED-467A-92A1-F85B134E44AD}
		{8D6406C7-F4A5-4321-9D5F-793B8CF181B8} = {20988AEA-78ED-467A-92A1-F85B134E44AD}
		{028608B7-D771-4EBF-B0E3-686F813F227B} = {20988AEA-78ED-467A-92A1-F85B134E44AD}
		{E02CD3BC-9790-4E8A-9613-94F1B4FC2698} = {20988AEA-78ED-467A-92A1-F85B134E44AD}
		{AF6A9824-6BA2-46E9-B451-A1076501BF54} = {20988AEA-78ED-467A-92A1-F85B134E44AD}
		{E9BB2104-A843-4341-A06D-D499A965D7A1} = {4AA0BCAB-2822-4BD9-8457-041415DDF412}
		{C8855B09-49D5-4BA4-ADA2-B501170BA978} = {4AA0BCAB-2822-4BD9-8457-041415DDF412}
		{E0264334-23C4-4C41-ABFD-ED6C7723A815} = {4AA0BCAB-2822-4BD9-8457-041415DDF412}
		{15B8DA76-A6A0-4A49-9E83-E85392E1F77F} = {4AA0BCAB-2822-4BD9-8457-041415DDF412}
		{7B9B6468-2808-4CF0-9F98-758C1171E0E7} = {20988AEA-78ED-467A-92A1-F85B134E44AD}
	EndGlobalSection
EndGlobal
